
Microsoft Visual Studio Solution File, Format Version 12.00
# Visual Studio 15
VisualStudioVersion = 15.0.27004.2009
MinimumVisualStudioVersion = 10.0.40219.1
Project("{FAE04EC0-301F-11D3-BF4B-00C04F79EFBC}") = "phanmem_karaoke3", "phanmem_karaoke3\phanmem_karaoke3.csproj", "{48F3823D-F9A8-4696-9208-A9A4A2900C9F}"
EndProject
Global
	GlobalSection(SolutionConfigurationPlatforms) = preSolution
		Debug|Any CPU = Debug|Any CPU
		Release|Any CPU = Release|Any CPU
	EndGlobalSection
	GlobalSection(ProjectConfigurationPlatforms) = postSolution
		{48F3823D-F9A8-4696-9208-A9A4A2900C9F}.Debug|Any CPU.ActiveCfg = Debug|Any CPU
		{48F3823D-F9A8-4696-9208-A9A4A2900C9F}.Debug|Any CPU.Build.0 = Debug|Any CPU
		{48F3823D-F9A8-4696-9208-A9A4A2900C9F}.Release|Any CPU.ActiveCfg = Release|Any CPU
		{48F3823D-F9A8-4696-9208-A9A4A2900C9F}.Release|Any CPU.Build.0 = Release|Any CPU
	EndGlobalSection
	GlobalSection(SolutionProperties) = preSolution
		HideSolutionNode = FALSE
	EndGlobalSection
	GlobalSection(ExtensibilityGlobals) = postSolution
		SolutionGuid = {E7A9786E-AAB7-494A-9BC1-50A12E72A3BE}
	EndGlobalSection
EndGlobal
